
Microsoft Visual Studio Solution File, Format Version 11.00
# Visual Studio 2010 Express for Windows Phone
Project("{FAE04EC0-301F-11D3-BF4B-00C04F79EFBC}") = "Blueprint", "Blueprint\Blueprint\Blueprint.csproj", "{A93B0DF0-28AE-4B28-B345-F1C554917C73}"
EndProject
Project("{FAE04EC0-301F-11D3-BF4B-00C04F79EFBC}") = "BlueprintContent", "Blueprint\BlueprintContent\BlueprintContent.contentproj", "{81631727-9778-47EA-BBAB-09F0E178FBF9}"
EndProject
Global
	GlobalSection(SolutionConfigurationPlatforms) = preSolution
		Debug|x86 = Debug|x86
		Release|x86 = Release|x86
	EndGlobalSection
	GlobalSection(ProjectConfigurationPlatforms) = postSolution
		{A93B0DF0-28AE-4B28-B345-F1C554917C73}.Debug|x86.ActiveCfg = Debug|x86
		{A93B0DF0-28AE-4B28-B345-F1C554917C73}.Debug|x86.Build.0 = Debug|x86
		{A93B0DF0-28AE-4B28-B345-F1C554917C73}.Release|x86.ActiveCfg = Release|x86
		{A93B0DF0-28AE-4B28-B345-F1C554917C73}.Release|x86.Build.0 = Release|x86
		{81631727-9778-47EA-BBAB-09F0E178FBF9}.Debug|x86.ActiveCfg = Debug|x86
		{81631727-9778-47EA-BBAB-09F0E178FBF9}.Release|x86.ActiveCfg = Release|x86
	EndGlobalSection
	GlobalSection(SolutionProperties) = preSolution
		HideSolutionNode = FALSE
	EndGlobalSection
EndGlobal
